
Microsoft Visual Studio Solution File, Format Version 12.00
# Visual Studio Version 17
VisualStudioVersion = 17.1.32407.343
MinimumVisualStudioVersion = 10.0.40219.1
Project("{FAE04EC0-301F-11D3-BF4B-00C04F79EFBC}") = "WorkingWithFileSystems", "WorkingWithFileSystems.csproj", "{1F2672CE-97EE-455D-A3DA-073CCDD23726}"
EndProject
Global
	GlobalSection(SolutionConfigurationPlatforms) = preSolution
		Debug|Any CPU = Debug|Any CPU
		Release|Any CPU = Release|Any CPU
	EndGlobalSection
	GlobalSection(ProjectConfigurationPlatforms) = postSolution
		{1F2672CE-97EE-455D-A3DA-073CCDD23726}.Debug|Any CPU.ActiveCfg = Debug|Any CPU
		{1F2672CE-97EE-455D-A3DA-073CCDD23726}.Debug|Any CPU.Build.0 = Debug|Any CPU
		{1F2672CE-97EE-455D-A3DA-073CCDD23726}.Release|Any CPU.ActiveCfg = Release|Any CPU
		{1F2672CE-97EE-455D-A3DA-073CCDD23726}.Release|Any CPU.Build.0 = Release|Any CPU
	EndGlobalSection
	GlobalSection(SolutionProperties) = preSolution
		HideSolutionNode = FALSE
	EndGlobalSection
	GlobalSection(ExtensibilityGlobals) = postSolution
		SolutionGuid = {59F89CF5-AEA1-4406-B7C5-01444707EF25}
	EndGlobalSection
EndGlobal
