
Microsoft Visual Studio Solution File, Format Version 12.00
# Visual Studio Version 17
VisualStudioVersion = 17.1.32414.318
MinimumVisualStudioVersion = 10.0.40219.1
Project("{FAE04EC0-301F-11D3-BF4B-00C04F79EFBC}") = "WorkWithEncodings", "WorkWithEncodings.csproj", "{187E826A-DC88-4AAD-9B87-5D6A1EB53C69}"
EndProject
Global
	GlobalSection(SolutionConfigurationPlatforms) = preSolution
		Debug|Any CPU = Debug|Any CPU
		Release|Any CPU = Release|Any CPU
	EndGlobalSection
	GlobalSection(ProjectConfigurationPlatforms) = postSolution
		{187E826A-DC88-4AAD-9B87-5D6A1EB53C69}.Debug|Any CPU.ActiveCfg = Debug|Any CPU
		{187E826A-DC88-4AAD-9B87-5D6A1EB53C69}.Debug|Any CPU.Build.0 = Debug|Any CPU
		{187E826A-DC88-4AAD-9B87-5D6A1EB53C69}.Release|Any CPU.ActiveCfg = Release|Any CPU
		{187E826A-DC88-4AAD-9B87-5D6A1EB53C69}.Release|Any CPU.Build.0 = Release|Any CPU
	EndGlobalSection
	GlobalSection(SolutionProperties) = preSolution
		HideSolutionNode = FALSE
	EndGlobalSection
	GlobalSection(ExtensibilityGlobals) = postSolution
		SolutionGuid = {5708D86E-1550-4269-86DE-F77402E82432}
	EndGlobalSection
EndGlobal
